
Microsoft Visual Studio Solution File, Format Version 12.00
# Visual Studio Version 17
VisualStudioVersion = 17.9.34622.214
MinimumVisualStudioVersion = 10.0.40219.1
Project("{FAE04EC0-301F-11D3-BF4B-00C04F79EFBC}") = "Converter", "Converter\Converter.csproj", "{5838A75A-40BF-42A6-BD1F-FC45AB46065B}"
EndProject
Global
	GlobalSection(SolutionConfigurationPlatforms) = preSolution
		Debug|Any CPU = Debug|Any CPU
		Release|Any CPU = Release|Any CPU
	EndGlobalSection
	GlobalSection(ProjectConfigurationPlatforms) = postSolution
		{5838A75A-40BF-42A6-BD1F-FC45AB46065B}.Debug|Any CPU.ActiveCfg = Debug|Any CPU
		{5838A75A-40BF-42A6-BD1F-FC45AB46065B}.Debug|Any CPU.Build.0 = Debug|Any CPU
		{5838A75A-40BF-42A6-BD1F-FC45AB46065B}.Release|Any CPU.ActiveCfg = Release|Any CPU
		{5838A75A-40BF-42A6-BD1F-FC45AB46065B}.Release|Any CPU.Build.0 = Release|Any CPU
	EndGlobalSection
	GlobalSection(SolutionProperties) = preSolution
		HideSolutionNode = FALSE
	EndGlobalSection
	GlobalSection(ExtensibilityGlobals) = postSolution
		SolutionGuid = {75B003B2-F5FB-4889-BDF3-7DE2DBADF7E7}
	EndGlobalSection
EndGlobal
